{
  "originHash" : "53514bbec2cc210e3a39fc44aaabff0682c525e92016a6efe5d5c5f571aa0eaf",
  "pins" : [
    {
      "identity" : "wwsafariviewui",
      "kind" : "remoteSourceControl",
      "location" : "https://github.com/William-Weng/WWSafariViewUI",
      "state" : {
        "revision" : "ebd2586db901b751926fb666e8ab188bcd5a05e9",
        "version" : "1.1.0"
      }
    }
  ],
  "version" : 3
}
